
Microsoft Visual Studio Solution File, Format Version 12.00
# Visual Studio Version 17
VisualStudioVersion = 17.4.33205.214
MinimumVisualStudioVersion = 10.0.40219.1
Project("{FAE04EC0-301F-11D3-BF4B-00C04F79EFBC}") = "NugetShop", "NugetShop\NugetShop.csproj", "{53D671A9-2D78-44E4-A06F-3AD3F0932C14}"
EndProject
Global
	GlobalSection(SolutionConfigurationPlatforms) = preSolution
		Debug|Any CPU = Debug|Any CPU
		Release|Any CPU = Release|Any CPU
	EndGlobalSection
	GlobalSection(ProjectConfigurationPlatforms) = postSolution
		{53D671A9-2D78-44E4-A06F-3AD3F0932C14}.Debug|Any CPU.ActiveCfg = Debug|Any CPU
		{53D671A9-2D78-44E4-A06F-3AD3F0932C14}.Debug|Any CPU.Build.0 = Debug|Any CPU
		{53D671A9-2D78-44E4-A06F-3AD3F0932C14}.Release|Any CPU.ActiveCfg = Release|Any CPU
		{53D671A9-2D78-44E4-A06F-3AD3F0932C14}.Release|Any CPU.Build.0 = Release|Any CPU
	EndGlobalSection
	GlobalSection(SolutionProperties) = preSolution
		HideSolutionNode = FALSE
	EndGlobalSection
	GlobalSection(ExtensibilityGlobals) = postSolution
		SolutionGuid = {C3A80F5B-5A63-4141-8036-0BAD9FEBAF7E}
	EndGlobalSection
EndGlobal
